
Microsoft Visual Studio Solution File, Format Version 12.00
# Visual Studio Version 16
VisualStudioVersion = 16.0.31112.23
MinimumVisualStudioVersion = 10.0.40219.1
Project("{FAE04EC0-301F-11D3-BF4B-00C04F79EFBC}") = "ProjektuppgiftASP.NET", "ProjektuppgiftASP.NET\ProjektuppgiftASP.NET.csproj", "{FCADE70B-BC9D-4F2F-99A9-A0FF19EC076E}"
EndProject
Global
	GlobalSection(SolutionConfigurationPlatforms) = preSolution
		Debug|Any CPU = Debug|Any CPU
		Release|Any CPU = Release|Any CPU
	EndGlobalSection
	GlobalSection(ProjectConfigurationPlatforms) = postSolution
		{FCADE70B-BC9D-4F2F-99A9-A0FF19EC076E}.Debug|Any CPU.ActiveCfg = Debug|Any CPU
		{FCADE70B-BC9D-4F2F-99A9-A0FF19EC076E}.Debug|Any CPU.Build.0 = Debug|Any CPU
		{FCADE70B-BC9D-4F2F-99A9-A0FF19EC076E}.Release|Any CPU.ActiveCfg = Release|Any CPU
		{FCADE70B-BC9D-4F2F-99A9-A0FF19EC076E}.Release|Any CPU.Build.0 = Release|Any CPU
	EndGlobalSection
	GlobalSection(SolutionProperties) = preSolution
		HideSolutionNode = FALSE
	EndGlobalSection
	GlobalSection(ExtensibilityGlobals) = postSolution
		SolutionGuid = {A5EE6824-24BA-4ACC-9D3C-9D40F5388837}
	EndGlobalSection
EndGlobal
